
Microsoft Visual Studio Solution File, Format Version 12.00
# Visual Studio Version 17
VisualStudioVersion = 17.10.35027.167
MinimumVisualStudioVersion = 10.0.40219.1
Project("{FAE04EC0-301F-11D3-BF4B-00C04F79EFBC}") = "PluralSightLearning", "PluralSightLearning\PluralSightLearning.csproj", "{A06C961C-5F0E-41A7-80FB-0064D179D63E}"
EndProject
Global
	GlobalSection(SolutionConfigurationPlatforms) = preSolution
		Debug|Any CPU = Debug|Any CPU
		Release|Any CPU = Release|Any CPU
	EndGlobalSection
	GlobalSection(ProjectConfigurationPlatforms) = postSolution
		{A06C961C-5F0E-41A7-80FB-0064D179D63E}.Debug|Any CPU.ActiveCfg = Debug|Any CPU
		{A06C961C-5F0E-41A7-80FB-0064D179D63E}.Debug|Any CPU.Build.0 = Debug|Any CPU
		{A06C961C-5F0E-41A7-80FB-0064D179D63E}.Release|Any CPU.ActiveCfg = Release|Any CPU
		{A06C961C-5F0E-41A7-80FB-0064D179D63E}.Release|Any CPU.Build.0 = Release|Any CPU
	EndGlobalSection
	GlobalSection(SolutionProperties) = preSolution
		HideSolutionNode = FALSE
	EndGlobalSection
	GlobalSection(ExtensibilityGlobals) = postSolution
		SolutionGuid = {05C0B144-B484-4D4E-A66F-0A1F4B0215A6}
	EndGlobalSection
EndGlobal
