
Microsoft Visual Studio Solution File, Format Version 12.00
# Visual Studio Version 17
VisualStudioVersion = 17.10.34928.147
MinimumVisualStudioVersion = 10.0.40219.1
Project("{FAE04EC0-301F-11D3-BF4B-00C04F79EFBC}") = "CorpCosts", "CorpCosts\CorpCosts.csproj", "{45C5AA28-B152-4E0C-AF88-ECAC4A7E1B67}"
EndProject
Global
	GlobalSection(SolutionConfigurationPlatforms) = preSolution
		Debug|Any CPU = Debug|Any CPU
		Release|Any CPU = Release|Any CPU
	EndGlobalSection
	GlobalSection(ProjectConfigurationPlatforms) = postSolution
		{45C5AA28-B152-4E0C-AF88-ECAC4A7E1B67}.Debug|Any CPU.ActiveCfg = Debug|Any CPU
		{45C5AA28-B152-4E0C-AF88-ECAC4A7E1B67}.Debug|Any CPU.Build.0 = Debug|Any CPU
		{45C5AA28-B152-4E0C-AF88-ECAC4A7E1B67}.Release|Any CPU.ActiveCfg = Release|Any CPU
		{45C5AA28-B152-4E0C-AF88-ECAC4A7E1B67}.Release|Any CPU.Build.0 = Release|Any CPU
	EndGlobalSection
	GlobalSection(SolutionProperties) = preSolution
		HideSolutionNode = FALSE
	EndGlobalSection
	GlobalSection(ExtensibilityGlobals) = postSolution
		SolutionGuid = {FD551594-8535-4C26-AAE8-2C5AEE5F6D0A}
	EndGlobalSection
EndGlobal
